// !$*UTF8*$!
{
	archiveVersion = 1;
	classes = {
	};
	objectVersion = 50;
	objects = {

/* Begin PBXBuildFile section */
		79A7598623ECF9C0001800E4 /* AppDelegate.swift in Sources */ = {isa = PBXBuildFile; fileRef = 79A7598523ECF9C0001800E4 /* AppDelegate.swift */; };
		79A7598823ECF9C0001800E4 /* SceneDelegate.swift in Sources */ = {isa = PBXBuildFile; fileRef = 79A7598723ECF9C0001800E4 /* SceneDelegate.swift */; };
		79A7598A23ECF9C0001800E4 /* ContentView.swift in Sources */ = {isa = PBXBuildFile; fileRef = 79A7598923ECF9C0001800E4 /* ContentView.swift */; };
		79A7598C23ECF9C2001800E4 /* Assets.xcassets in Resources */ = {isa = PBXBuildFile; fileRef = 79A7598B23ECF9C2001800E4 /* Assets.xcassets */; };
		79A7598F23ECF9C2001800E4 /* Preview Assets.xcassets in Resources */ = {isa = PBXBuildFile; fileRef = 79A7598E23ECF9C2001800E4 /* Preview Assets.xcassets */; };
		79A7599223ECF9C2001800E4 /* LaunchScreen.storyboard in Resources */ = {isa = PBXBuildFile; fileRef = 79A7599023ECF9C2001800E4 /* LaunchScreen.storyboard */; };
		79A7599B23ECFC21001800E4 /* NetworkManager.swift in Sources */ = {isa = PBXBuildFile; fileRef = 79A7599A23ECFC21001800E4 /* NetworkManager.swift */; };
		79A7599D23ECFD59001800E4 /* PostData.swift in Sources */ = {isa = PBXBuildFile; fileRef = 79A7599C23ECFD59001800E4 /* PostData.swift */; };
		79A759A023EE1CF3001800E4 /* DetailView.swift in Sources */ = {isa = PBXBuildFile; fileRef = 79A7599F23EE1CF3001800E4 /* DetailView.swift */; };
		79A759A223EE1FB8001800E4 /* WebView.swift in Sources */ = {isa = PBXBuildFile; fileRef = 79A759A123EE1FB8001800E4 /* WebView.swift */; };
/* End PBXBuildFile section */

/* Begin PBXFileReference section */
		79A7598223ECF9C0001800E4 /* Dylans HackerNews Clone.app */ = {isa = PBXFileReference; explicitFileType = wrapper.application; includeInIndex = 0; path = "Dylans HackerNews Clone.app"; sourceTree = BUILT_PRODUCTS_DIR; };
		79A7598523ECF9C0001800E4 /* AppDelegate.swift */ = {isa = PBXFileReference; lastKnownFileType = sourcecode.swift; path = AppDelegate.swift; sourceTree = "<group>"; };
		79A7598723ECF9C0001800E4 /* SceneDelegate.swift */ = {isa = PBXFileReference; lastKnownFileType = sourcecode.swift; path = SceneDelegate.swift; sourceTree = "<group>"; };
		79A7598923ECF9C0001800E4 /* ContentView.swift */ = {isa = PBXFileReference; lastKnownFileType = sourcecode.swift; path = ContentView.swift; sourceTree = "<group>"; };
		79A7598B23ECF9C2001800E4 /* Assets.xcassets */ = {isa = PBXFileReference; lastKnownFileType = folder.assetcatalog; path = Assets.xcassets; sourceTree = "<group>"; };
		79A7598E23ECF9C2001800E4 /* Preview Assets.xcassets */ = {isa = PBXFileReference; lastKnownFileType = folder.assetcatalog; path = "Preview Assets.xcassets"; sourceTree = "<group>"; };
		79A7599123ECF9C2001800E4 /* Base */ = {isa = PBXFileReference; lastKnownFileType = file.storyboard; name = Base; path = Base.lproj/LaunchScreen.storyboard; sourceTree = "<group>"; };
		79A7599323ECF9C2001800E4 /* Info.plist */ = {isa = PBXFileReference; lastKnownFileType = text.plist.xml; path = Info.plist; sourceTree = "<group>"; };
		79A7599A23ECFC21001800E4 /* NetworkManager.swift */ = {isa = PBXFileReference; lastKnownFileType = sourcecode.swift; path = NetworkManager.swift; sourceTree = "<group>"; };
		79A7599C23ECFD59001800E4 /* PostData.swift */ = {isa = PBXFileReference; lastKnownFileType = sourcecode.swift; path = PostData.swift; sourceTree = "<group>"; };
		79A7599F23EE1CF3001800E4 /* DetailView.swift */ = {isa = PBXFileReference; lastKnownFileType = sourcecode.swift; path = DetailView.swift; sourceTree = "<group>"; };
		79A759A123EE1FB8001800E4 /* WebView.swift */ = {isa = PBXFileReference; lastKnownFileType = sourcecode.swift; path = WebView.swift; sourceTree = "<group>"; };
/* End PBXFileReference section */

/* Begin PBXFrameworksBuildPhase section */
		79A7597F23ECF9C0001800E4 /* Frameworks */ = {
			isa = PBXFrameworksBuildPhase;
			buildActionMask = 2147483647;
			files = (
			);
			runOnlyForDeploymentPostprocessing = 0;
		};
/* End PBXFrameworksBuildPhase section */

/* Begin PBXGroup section */
		79A7597923ECF9C0001800E4 = {
			isa = PBXGroup;
			children = (
				79A7598423ECF9C0001800E4 /* Dylans HackerNews Clone */,
				79A7598323ECF9C0001800E4 /* Products */,
			);
			sourceTree = "<group>";
		};
		79A7598323ECF9C0001800E4 /* Products */ = {
			isa = PBXGroup;
			children = (
				79A7598223ECF9C0001800E4 /* Dylans HackerNews Clone.app */,
			);
			name = Products;
			sourceTree = "<group>";
		};
		79A7598423ECF9C0001800E4 /* Dylans HackerNews Clone */ = {
			isa = PBXGroup;
			children = (
				79A7599923ECFC09001800E4 /* Models */,
				79A7598523ECF9C0001800E4 /* AppDelegate.swift */,
				79A7598723ECF9C0001800E4 /* SceneDelegate.swift */,
				79A7599E23EE1CCB001800E4 /* Views */,
				79A7598B23ECF9C2001800E4 /* Assets.xcassets */,
				79A7599023ECF9C2001800E4 /* LaunchScreen.storyboard */,
				79A7599323ECF9C2001800E4 /* Info.plist */,
				79A7598D23ECF9C2001800E4 /* Preview Content */,
			);
			path = "Dylans HackerNews Clone";
			sourceTree = "<group>";
		};
		79A7598D23ECF9C2001800E4 /* Preview Content */ = {
			isa = PBXGroup;
			children = (
				79A7598E23ECF9C2001800E4 /* Preview Assets.xcassets */,
			);
			path = "Preview Content";
			sourceTree = "<group>";
		};
		79A7599923ECFC09001800E4 /* Models */ = {
			isa = PBXGroup;
			children = (
				79A7599A23ECFC21001800E4 /* NetworkManager.swift */,
				79A7599C23ECFD59001800E4 /* PostData.swift */,
			);
			name = Models;
			sourceTree = "<group>";
		};
		79A7599E23EE1CCB001800E4 /* Views */ = {
			isa = PBXGroup;
			children = (
				79A7598923ECF9C0001800E4 /* ContentView.swift */,
				79A7599F23EE1CF3001800E4 /* DetailView.swift */,
				79A759A123EE1FB8001800E4 /* WebView.swift */,
			);
			path = Views;
			sourceTree = "<group>";
		};
/* End PBXGroup section */

/* Begin PBXNativeTarget section */
		79A7598123ECF9C0001800E4 /* Dylans HackerNews Clone */ = {
			isa = PBXNativeTarget;
			buildConfigurationList = 79A7599623ECF9C2001800E4 /* Build configuration list for PBXNativeTarget "Dylans HackerNews Clone" */;
			buildPhases = (
				79A7597E23ECF9C0001800E4 /* Sources */,
				79A7597F23ECF9C0001800E4 /* Frameworks */,
				79A7598023ECF9C0001800E4 /* Resources */,
			);
			buildRules = (
			);
			dependencies = (
			);
			name = "Dylans HackerNews Clone";
			productName = "Dylans HackerNews Clone";
			productReference = 79A7598223ECF9C0001800E4 /* Dylans HackerNews Clone.app */;
			productType = "com.apple.product-type.application";
		};
/* End PBXNativeTarget section */

/* Begin PBXProject section */
		79A7597A23ECF9C0001800E4 /* Project object */ = {
			isa = PBXProject;
			attributes = {
				LastSwiftUpdateCheck = 1130;
				LastUpgradeCheck = 1130;
				ORGANIZATIONNAME = "Dylan Perry";
				TargetAttributes = {
					79A7598123ECF9C0001800E4 = {
						CreatedOnToolsVersion = 11.3.1;
					};
				};
			};
			buildConfigurationList = 79A7597D23ECF9C0001800E4 /* Build configuration list for PBXProject "Dylans HackerNews Clone" */;
			compatibilityVersion = "Xcode 9.3";
			developmentRegion = en;
			hasScannedForEncodings = 0;
			knownRegions = (
				en,
				Base,
			);
			mainGroup = 79A7597923ECF9C0001800E4;
			productRefGroup = 79A7598323ECF9C0001800E4 /* Products */;
			projectDirPath = "";
			projectRoot = "";
			targets = (
				79A7598123ECF9C0001800E4 /* Dylans HackerNews Clone */,
			);
		};
/* End PBXProject section */

/* Begin PBXResourcesBuildPhase section */
		79A7598023ECF9C0001800E4 /* Resources */ = {
			isa = PBXResourcesBuildPhase;
			buildActionMask = 2147483647;
			files = (
				79A7599223ECF9C2001800E4 /* LaunchScreen.storyboard in Resources */,
				79A7598F23ECF9C2001800E4 /* Preview Assets.xcassets in Resources */,
				79A7598C23ECF9C2001800E4 /* Assets.xcassets in Resources */,
			);
			runOnlyForDeploymentPostprocessing = 0;
		};
/* End PBXResourcesBuildPhase section */

/* Begin PBXSourcesBuildPhase section */
		79A7597E23ECF9C0001800E4 /* Sources */ = {
			isa = PBXSourcesBuildPhase;
			buildActionMask = 2147483647;
			files = (
				79A7599D23ECFD59001800E4 /* PostData.swift in Sources */,
				79A7599B23ECFC21001800E4 /* NetworkManager.swift in Sources */,
				79A759A023EE1CF3001800E4 /* DetailView.swift in Sources */,
				79A7598623ECF9C0001800E4 /* AppDelegate.swift in Sources */,
				79A7598823ECF9C0001800E4 /* SceneDelegate.swift in Sources */,
				79A7598A23ECF9C0001800E4 /* ContentView.swift in Sources */,
				79A759A223EE1FB8001800E4 /* WebView.swift in Sources */,
			);
			runOnlyForDeploymentPostprocessing = 0;
		};
/* End PBXSourcesBuildPhase section */

/* Begin PBXVariantGroup section */
		79A7599023ECF9C2001800E4 /* LaunchScreen.storyboard */ = {
			isa = PBXVariantGroup;
			children = (
				79A7599123ECF9C2001800E4 /* Base */,
			);
			name = LaunchScreen.storyboard;
			sourceTree = "<group>";
		};
/* End PBXVariantGroup section */

/* Begin XCBuildConfiguration section */
		79A7599423ECF9C2001800E4 /* Debug */ = {
			isa = XCBuildConfiguration;
			buildSettings = {
				ALWAYS_SEARCH_USER_PATHS = NO;
				CLANG_ANALYZER_NONNULL = YES;
				CLANG_ANALYZER_NUMBER_OBJECT_CONVERSION = YES_AGGRESSIVE;
				CLANG_CXX_LANGUAGE_STANDARD = "gnu++14";
				CLANG_CXX_LIBRARY = "libc++";
				CLANG_ENABLE_MODULES = YES;
				CLANG_ENABLE_OBJC_ARC = YES;
				CLANG_ENABLE_OBJC_WEAK = YES;
				CLANG_WARN_BLOCK_CAPTURE_AUTORELEASING = YES;
				CLANG_WARN_BOOL_CONVERSION = YES;
				CLANG_WARN_COMMA = YES;
				CLANG_WARN_CONSTANT_CONVERSION = YES;
				CLANG_WARN_DEPRECATED_OBJC_IMPLEMENTATIONS = YES;
				CLANG_WARN_DIRECT_OBJC_ISA_USAGE = YES_ERROR;
				CLANG_WARN_DOCUMENTATION_COMMENTS = YES;
				CLANG_WARN_EMPTY_BODY = YES;
				CLANG_WARN_ENUM_CONVERSION = YES;
				CLANG_WARN_INFINITE_RECURSION = YES;
				CLANG_WARN_INT_CONVERSION = YES;
				CLANG_WARN_NON_LITERAL_NULL_CONVERSION = YES;
				CLANG_WARN_OBJC_IMPLICIT_RETAIN_SELF = YES;
				CLANG_WARN_OBJC_LITERAL_CONVERSION = YES;
				CLANG_WARN_OBJC_ROOT_CLASS = YES_ERROR;
				CLANG_WARN_RANGE_LOOP_ANALYSIS = YES;
				CLANG_WARN_STRICT_PROTOTYPES = YES;
				CLANG_WARN_SUSPICIOUS_MOVE = YES;
				CLANG_WARN_UNGUARDED_AVAILABILITY = YES_AGGRESSIVE;
				CLANG_WARN_UNREACHABLE_CODE = YES;
				CLANG_WARN__DUPLICATE_METHOD_MATCH = YES;
				COPY_PHASE_STRIP = NO;
				DEBUG_INFORMATION_FORMAT = dwarf;
				ENABLE_STRICT_OBJC_MSGSEND = YES;
				ENABLE_TESTABILITY = YES;
				GCC_C_LANGUAGE_STANDARD = gnu11;
				GCC_DYNAMIC_NO_PIC = NO;
				GCC_NO_COMMON_BLOCKS = YES;
				GCC_OPTIMIZATION_LEVEL = 0;
				GCC_PREPROCESSOR_DEFINITIONS = (
					"DEBUG=1",
					"$(inherited)",
				);
				GCC_WARN_64_TO_32_BIT_CONVERSION = YES;
				GCC_WARN_ABOUT_RETURN_TYPE = YES_ERROR;
				GCC_WARN_UNDECLARED_SELECTOR = YES;
				GCC_WARN_UNINITIALIZED_AUTOS = YES_AGGRESSIVE;
				GCC_WARN_UNUSED_FUNCTION = YES;
				GCC_WARN_UNUSED_VARIABLE = YES;
				IPHONEOS_DEPLOYMENT_TARGET = 13.2;
				MTL_ENABLE_DEBUG_INFO = INCLUDE_SOURCE;
				MTL_FAST_MATH = YES;
				ONLY_ACTIVE_ARCH = YES;
				SDKROOT = iphoneos;
				SWIFT_ACTIVE_COMPILATION_CONDITIONS = DEBUG;
				SWIFT_OPTIMIZATION_LEVEL = "-Onone";
			};
			name = Debug;
		};
		79A7599523ECF9C2001800E4 /* Release */ = {
			isa = XCBuildConfiguration;
			buildSettings = {
				ALWAYS_SEARCH_USER_PATHS = NO;
				CLANG_ANALYZER_NONNULL = YES;
				CLANG_ANALYZER_NUMBER_OBJECT_CONVERSION = YES_AGGRESSIVE;
				CLANG_CXX_LANGUAGE_STANDARD = "gnu++14";
				CLANG_CXX_LIBRARY = "libc++";
				CLANG_ENABLE_MODULES = YES;
				CLANG_ENABLE_OBJC_ARC = YES;
				CLANG_ENABLE_OBJC_WEAK = YES;
				CLANG_WARN_BLOCK_CAPTURE_AUTORELEASING = YES;
				CLANG_WARN_BOOL_CONVERSION = YES;
				CLANG_WARN_COMMA = YES;
				CLANG_WARN_CONSTANT_CONVERSION = YES;
				CLANG_WARN_DEPRECATED_OBJC_IMPLEMENTATIONS = YES;
				CLANG_WARN_DIRECT_OBJC_ISA_USAGE = YES_ERROR;
				CLANG_WARN_DOCUMENTATION_COMMENTS = YES;
				CLANG_WARN_EMPTY_BODY = YES;
				CLANG_WARN_ENUM_CONVERSION = YES;
				CLANG_WARN_INFINITE_RECURSION = YES;
				CLANG_WARN_INT_CONVERSION = YES;
				CLANG_WARN_NON_LITERAL_NULL_CONVERSION = YES;
				CLANG_WARN_OBJC_IMPLICIT_RETAIN_SELF = YES;
				CLANG_WARN_OBJC_LITERAL_CONVERSION = YES;
				CLANG_WARN_OBJC_ROOT_CLASS = YES_ERROR;
				CLANG_WARN_RANGE_LOOP_ANALYSIS = YES;
				CLANG_WARN_STRICT_PROTOTYPES = YES;
				CLANG_WARN_SUSPICIOUS_MOVE = YES;
				CLANG_WARN_UNGUARDED_AVAILABILITY = YES_AGGRESSIVE;
				CLANG_WARN_UNREACHABLE_CODE = YES;
				CLANG_WARN__DUPLICATE_METHOD_MATCH = YES;
				COPY_PHASE_STRIP = NO;
				DEBUG_INFORMATION_FORMAT = "dwarf-with-dsym";
				ENABLE_NS_ASSERTIONS = NO;
				ENABLE_STRICT_OBJC_MSGSEND = YES;
				GCC_C_LANGUAGE_STANDARD = gnu11;
				GCC_NO_COMMON_BLOCKS = YES;
				GCC_WARN_64_TO_32_BIT_CONVERSION = YES;
				GCC_WARN_ABOUT_RETURN_TYPE = YES_ERROR;
				GCC_WARN_UNDECLARED_SELECTOR = YES;
				GCC_WARN_UNINITIALIZED_AUTOS = YES_AGGRESSIVE;
				GCC_WARN_UNUSED_FUNCTION = YES;
				GCC_WARN_UNUSED_VARIABLE = YES;
				IPHONEOS_DEPLOYMENT_TARGET = 13.2;
				MTL_ENABLE_DEBUG_INFO = NO;
				MTL_FAST_MATH = YES;
				SDKROOT = iphoneos;
				SWIFT_COMPILATION_MODE = wholemodule;
				SWIFT_OPTIMIZATION_LEVEL = "-O";
				VALIDATE_PRODUCT = YES;
			};
			name = Release;
		};
		79A7599723ECF9C2001800E4 /* Debug */ = {
			isa = XCBuildConfiguration;
			buildSettings = {
				ASSETCATALOG_COMPILER_APPICON_NAME = AppIcon;
				CODE_SIGN_STYLE = Automatic;
				DEVELOPMENT_ASSET_PATHS = "\"Dylans HackerNews Clone/Preview Content\"";
				ENABLE_PREVIEWS = YES;
				INFOPLIST_FILE = "Dylans HackerNews Clone/Info.plist";
				LD_RUNPATH_SEARCH_PATHS = (
					"$(inherited)",
					"@executable_path/Frameworks",
				);
				PRODUCT_BUNDLE_IDENTIFIER = "io.dperry.Dylans-HackerNews-Clone";
				PRODUCT_NAME = "$(TARGET_NAME)";
				SWIFT_VERSION = 5.0;
				TARGETED_DEVICE_FAMILY = "1,2";
			};
			name = Debug;
		};
		79A7599823ECF9C2001800E4 /* Release */ = {
			isa = XCBuildConfiguration;
			buildSettings = {
				ASSETCATALOG_COMPILER_APPICON_NAME = AppIcon;
				CODE_SIGN_STYLE = Automatic;
				DEVELOPMENT_ASSET_PATHS = "\"Dylans HackerNews Clone/Preview Content\"";
				ENABLE_PREVIEWS = YES;
				INFOPLIST_FILE = "Dylans HackerNews Clone/Info.plist";
				LD_RUNPATH_SEARCH_PATHS = (
					"$(inherited)",
					"@executable_path/Frameworks",
				);
				PRODUCT_BUNDLE_IDENTIFIER = "io.dperry.Dylans-HackerNews-Clone";
				PRODUCT_NAME = "$(TARGET_NAME)";
				SWIFT_VERSION = 5.0;
				TARGETED_DEVICE_FAMILY = "1,2";
			};
			name = Release;
		};
/* End XCBuildConfiguration section */

/* Begin XCConfigurationList section */
		79A7597D23ECF9C0001800E4 /* Build configuration list for PBXProject "Dylans HackerNews Clone" */ = {
			isa = XCConfigurationList;
			buildConfigurations = (
				79A7599423ECF9C2001800E4 /* Debug */,
				79A7599523ECF9C2001800E4 /* Release */,
			);
			defaultConfigurationIsVisible = 0;
			defaultConfigurationName = Release;
		};
		79A7599623ECF9C2001800E4 /* Build configuration list for PBXNativeTarget "Dylans HackerNews Clone" */ = {
			isa = XCConfigurationList;
			buildConfigurations = (
				79A7599723ECF9C2001800E4 /* Debug */,
				79A7599823ECF9C2001800E4 /* Release */,
			);
			defaultConfigurationIsVisible = 0;
			defaultConfigurationName = Release;
		};
/* End XCConfigurationList section */
	};
	rootObject = 79A7597A23ECF9C0001800E4 /* Project object */;
}
